// !$*UTF8*$!
{
	archiveVersion = 1;
	classes = {
	};
	objectVersion = 50;
	objects = {

/* Begin PBXBuildFile section */
		C8EBF75522FF6EAC008C4FDB /* AppDelegate.swift in Sources */ = {isa = PBXBuildFile; fileRef = C8EBF75422FF6EAC008C4FDB /* AppDelegate.swift */; };
		C8EBF75722FF6EAC008C4FDB /* SceneDelegate.swift in Sources */ = {isa = PBXBuildFile; fileRef = C8EBF75622FF6EAC008C4FDB /* SceneDelegate.swift */; };
		C8EBF75922FF6EAC008C4FDB /* RedViewController.swift in Sources */ = {isa = PBXBuildFile; fileRef = C8EBF75822FF6EAC008C4FDB /* RedViewController.swift */; };
		C8EBF75C22FF6EAC008C4FDB /* Main.storyboard in Resources */ = {isa = PBXBuildFile; fileRef = C8EBF75A22FF6EAC008C4FDB /* Main.storyboard */; };
		C8EBF75E22FF6EB0008C4FDB /* Assets.xcassets in Resources */ = {isa = PBXBuildFile; fileRef = C8EBF75D22FF6EB0008C4FDB /* Assets.xcassets */; };
		C8EBF76122FF6EB0008C4FDB /* LaunchScreen.storyboard in Resources */ = {isa = PBXBuildFile; fileRef = C8EBF75F22FF6EB0008C4FDB /* LaunchScreen.storyboard */; };
		C8EBF76922FF7865008C4FDB /* OrangeViewController.swift in Sources */ = {isa = PBXBuildFile; fileRef = C8EBF76822FF7865008C4FDB /* OrangeViewController.swift */; };
		C8EBF76B22FF78E2008C4FDB /* YellowViewController.swift in Sources */ = {isa = PBXBuildFile; fileRef = C8EBF76A22FF78E2008C4FDB /* YellowViewController.swift */; };
		C8EBF76D22FF78FA008C4FDB /* GreenViewController.swift in Sources */ = {isa = PBXBuildFile; fileRef = C8EBF76C22FF78FA008C4FDB /* GreenViewController.swift */; };
		C8EBF76F22FF7919008C4FDB /* BlueViewController.swift in Sources */ = {isa = PBXBuildFile; fileRef = C8EBF76E22FF7919008C4FDB /* BlueViewController.swift */; };
		C8EBF77122FF7922008C4FDB /* PurpleViewController.swift in Sources */ = {isa = PBXBuildFile; fileRef = C8EBF77022FF7922008C4FDB /* PurpleViewController.swift */; };
/* End PBXBuildFile section */

/* Begin PBXFileReference section */
		C8EBF75122FF6EAC008C4FDB /* RainbowTabs.app */ = {isa = PBXFileReference; explicitFileType = wrapper.application; includeInIndex = 0; path = RainbowTabs.app; sourceTree = BUILT_PRODUCTS_DIR; };
		C8EBF75422FF6EAC008C4FDB /* AppDelegate.swift */ = {isa = PBXFileReference; lastKnownFileType = sourcecode.swift; path = AppDelegate.swift; sourceTree = "<group>"; };
		C8EBF75622FF6EAC008C4FDB /* SceneDelegate.swift */ = {isa = PBXFileReference; lastKnownFileType = sourcecode.swift; path = SceneDelegate.swift; sourceTree = "<group>"; };
		C8EBF75822FF6EAC008C4FDB /* RedViewController.swift */ = {isa = PBXFileReference; lastKnownFileType = sourcecode.swift; path = RedViewController.swift; sourceTree = "<group>"; };
		C8EBF75B22FF6EAC008C4FDB /* Base */ = {isa = PBXFileReference; lastKnownFileType = file.storyboard; name = Base; path = Base.lproj/Main.storyboard; sourceTree = "<group>"; };
		C8EBF75D22FF6EB0008C4FDB /* Assets.xcassets */ = {isa = PBXFileReference; lastKnownFileType = folder.assetcatalog; path = Assets.xcassets; sourceTree = "<group>"; };
		C8EBF76022FF6EB0008C4FDB /* Base */ = {isa = PBXFileReference; lastKnownFileType = file.storyboard; name = Base; path = Base.lproj/LaunchScreen.storyboard; sourceTree = "<group>"; };
		C8EBF76222FF6EB0008C4FDB /* Info.plist */ = {isa = PBXFileReference; lastKnownFileType = text.plist.xml; path = Info.plist; sourceTree = "<group>"; };
		C8EBF76822FF7865008C4FDB /* OrangeViewController.swift */ = {isa = PBXFileReference; lastKnownFileType = sourcecode.swift; path = OrangeViewController.swift; sourceTree = "<group>"; };
		C8EBF76A22FF78E2008C4FDB /* YellowViewController.swift */ = {isa = PBXFileReference; lastKnownFileType = sourcecode.swift; path = YellowViewController.swift; sourceTree = "<group>"; };
		C8EBF76C22FF78FA008C4FDB /* GreenViewController.swift */ = {isa = PBXFileReference; lastKnownFileType = sourcecode.swift; path = GreenViewController.swift; sourceTree = "<group>"; };
		C8EBF76E22FF7919008C4FDB /* BlueViewController.swift */ = {isa = PBXFileReference; lastKnownFileType = sourcecode.swift; path = BlueViewController.swift; sourceTree = "<group>"; };
		C8EBF77022FF7922008C4FDB /* PurpleViewController.swift */ = {isa = PBXFileReference; lastKnownFileType = sourcecode.swift; path = PurpleViewController.swift; sourceTree = "<group>"; };
/* End PBXFileReference section */

/* Begin PBXFrameworksBuildPhase section */
		C8EBF74E22FF6EAC008C4FDB /* Frameworks */ = {
			isa = PBXFrameworksBuildPhase;
			buildActionMask = 2147483647;
			files = (
			);
			runOnlyForDeploymentPostprocessing = 0;
		};
/* End PBXFrameworksBuildPhase section */

/* Begin PBXGroup section */
		C8EBF74822FF6EAC008C4FDB = {
			isa = PBXGroup;
			children = (
				C8EBF75322FF6EAC008C4FDB /* RainbowTabs */,
				C8EBF75222FF6EAC008C4FDB /* Products */,
			);
			sourceTree = "<group>";
		};
		C8EBF75222FF6EAC008C4FDB /* Products */ = {
			isa = PBXGroup;
			children = (
				C8EBF75122FF6EAC008C4FDB /* RainbowTabs.app */,
			);
			name = Products;
			sourceTree = "<group>";
		};
		C8EBF75322FF6EAC008C4FDB /* RainbowTabs */ = {
			isa = PBXGroup;
			children = (
				C8EBF75422FF6EAC008C4FDB /* AppDelegate.swift */,
				C8EBF75622FF6EAC008C4FDB /* SceneDelegate.swift */,
				C8EBF75822FF6EAC008C4FDB /* RedViewController.swift */,
				C8EBF75A22FF6EAC008C4FDB /* Main.storyboard */,
				C8EBF76E22FF7919008C4FDB /* BlueViewController.swift */,
				C8EBF77022FF7922008C4FDB /* PurpleViewController.swift */,
				C8EBF76C22FF78FA008C4FDB /* GreenViewController.swift */,
				C8EBF76A22FF78E2008C4FDB /* YellowViewController.swift */,
				C8EBF76822FF7865008C4FDB /* OrangeViewController.swift */,
				C8EBF75D22FF6EB0008C4FDB /* Assets.xcassets */,
				C8EBF75F22FF6EB0008C4FDB /* LaunchScreen.storyboard */,
				C8EBF76222FF6EB0008C4FDB /* Info.plist */,
			);
			path = RainbowTabs;
			sourceTree = "<group>";
		};
/* End PBXGroup section */

/* Begin PBXNativeTarget section */
		C8EBF75022FF6EAC008C4FDB /* RainbowTabs */ = {
			isa = PBXNativeTarget;
			buildConfigurationList = C8EBF76522FF6EB0008C4FDB /* Build configuration list for PBXNativeTarget "RainbowTabs" */;
			buildPhases = (
				C8EBF74D22FF6EAC008C4FDB /* Sources */,
				C8EBF74E22FF6EAC008C4FDB /* Frameworks */,
				C8EBF74F22FF6EAC008C4FDB /* Resources */,
			);
			buildRules = (
			);
			dependencies = (
			);
			name = RainbowTabs;
			productName = RainbowTabs;
			productReference = C8EBF75122FF6EAC008C4FDB /* RainbowTabs.app */;
			productType = "com.apple.product-type.application";
		};
/* End PBXNativeTarget section */

/* Begin PBXProject section */
		C8EBF74922FF6EAC008C4FDB /* Project object */ = {
			isa = PBXProject;
			attributes = {
				LastSwiftUpdateCheck = 1100;
				LastUpgradeCheck = 1100;
				ORGANIZATIONNAME = "Mikolaj Lukasik";
				TargetAttributes = {
					C8EBF75022FF6EAC008C4FDB = {
						CreatedOnToolsVersion = 11.0;
					};
				};
			};
			buildConfigurationList = C8EBF74C22FF6EAC008C4FDB /* Build configuration list for PBXProject "RainbowTabs" */;
			compatibilityVersion = "Xcode 9.3";
			developmentRegion = en;
			hasScannedForEncodings = 0;
			knownRegions = (
				en,
				Base,
			);
			mainGroup = C8EBF74822FF6EAC008C4FDB;
			productRefGroup = C8EBF75222FF6EAC008C4FDB /* Products */;
			projectDirPath = "";
			projectRoot = "";
			targets = (
				C8EBF75022FF6EAC008C4FDB /* RainbowTabs */,
			);
		};
/* End PBXProject section */

/* Begin PBXResourcesBuildPhase section */
		C8EBF74F22FF6EAC008C4FDB /* Resources */ = {
			isa = PBXResourcesBuildPhase;
			buildActionMask = 2147483647;
			files = (
				C8EBF76122FF6EB0008C4FDB /* LaunchScreen.storyboard in Resources */,
				C8EBF75E22FF6EB0008C4FDB /* Assets.xcassets in Resources */,
				C8EBF75C22FF6EAC008C4FDB /* Main.storyboard in Resources */,
			);
			runOnlyForDeploymentPostprocessing = 0;
		};
/* End PBXResourcesBuildPhase section */

/* Begin PBXSourcesBuildPhase section */
		C8EBF74D22FF6EAC008C4FDB /* Sources */ = {
			isa = PBXSourcesBuildPhase;
			buildActionMask = 2147483647;
			files = (
				C8EBF76D22FF78FA008C4FDB /* GreenViewController.swift in Sources */,
				C8EBF76922FF7865008C4FDB /* OrangeViewController.swift in Sources */,
				C8EBF75922FF6EAC008C4FDB /* RedViewController.swift in Sources */,
				C8EBF75522FF6EAC008C4FDB /* AppDelegate.swift in Sources */,
				C8EBF77122FF7922008C4FDB /* PurpleViewController.swift in Sources */,
				C8EBF75722FF6EAC008C4FDB /* SceneDelegate.swift in Sources */,
				C8EBF76B22FF78E2008C4FDB /* YellowViewController.swift in Sources */,
				C8EBF76F22FF7919008C4FDB /* BlueViewController.swift in Sources */,
			);
			runOnlyForDeploymentPostprocessing = 0;
		};
/* End PBXSourcesBuildPhase section */

/* Begin PBXVariantGroup section */
		C8EBF75A22FF6EAC008C4FDB /* Main.storyboard */ = {
			isa = PBXVariantGroup;
			children = (
				C8EBF75B22FF6EAC008C4FDB /* Base */,
			);
			name = Main.storyboard;
			sourceTree = "<group>";
		};
		C8EBF75F22FF6EB0008C4FDB /* LaunchScreen.storyboard */ = {
			isa = PBXVariantGroup;
			children = (
				C8EBF76022FF6EB0008C4FDB /* Base */,
			);
			name = LaunchScreen.storyboard;
			sourceTree = "<group>";
		};
/* End PBXVariantGroup section */

/* Begin XCBuildConfiguration section */
		C8EBF76322FF6EB0008C4FDB /* Debug */ = {
			isa = XCBuildConfiguration;
			buildSettings = {
				ALWAYS_SEARCH_USER_PATHS = NO;
				CLANG_ANALYZER_NONNULL = YES;
				CLANG_ANALYZER_NUMBER_OBJECT_CONVERSION = YES_AGGRESSIVE;
				CLANG_CXX_LANGUAGE_STANDARD = "gnu++14";
				CLANG_CXX_LIBRARY = "libc++";
				CLANG_ENABLE_MODULES = YES;
				CLANG_ENABLE_OBJC_ARC = YES;
				CLANG_ENABLE_OBJC_WEAK = YES;
				CLANG_WARN_BLOCK_CAPTURE_AUTORELEASING = YES;
				CLANG_WARN_BOOL_CONVERSION = YES;
				CLANG_WARN_COMMA = YES;
				CLANG_WARN_CONSTANT_CONVERSION = YES;
				CLANG_WARN_DEPRECATED_OBJC_IMPLEMENTATIONS = YES;
				CLANG_WARN_DIRECT_OBJC_ISA_USAGE = YES_ERROR;
				CLANG_WARN_DOCUMENTATION_COMMENTS = YES;
				CLANG_WARN_EMPTY_BODY = YES;
				CLANG_WARN_ENUM_CONVERSION = YES;
				CLANG_WARN_INFINITE_RECURSION = YES;
				CLANG_WARN_INT_CONVERSION = YES;
				CLANG_WARN_NON_LITERAL_NULL_CONVERSION = YES;
				CLANG_WARN_OBJC_IMPLICIT_RETAIN_SELF = YES;
				CLANG_WARN_OBJC_LITERAL_CONVERSION = YES;
				CLANG_WARN_OBJC_ROOT_CLASS = YES_ERROR;
				CLANG_WARN_RANGE_LOOP_ANALYSIS = YES;
				CLANG_WARN_STRICT_PROTOTYPES = YES;
				CLANG_WARN_SUSPICIOUS_MOVE = YES;
				CLANG_WARN_UNGUARDED_AVAILABILITY = YES_AGGRESSIVE;
				CLANG_WARN_UNREACHABLE_CODE = YES;
				CLANG_WARN__DUPLICATE_METHOD_MATCH = YES;
				COPY_PHASE_STRIP = NO;
				DEBUG_INFORMATION_FORMAT = dwarf;
				ENABLE_STRICT_OBJC_MSGSEND = YES;
				ENABLE_TESTABILITY = YES;
				GCC_C_LANGUAGE_STANDARD = gnu11;
				GCC_DYNAMIC_NO_PIC = NO;
				GCC_NO_COMMON_BLOCKS = YES;
				GCC_OPTIMIZATION_LEVEL = 0;
				GCC_PREPROCESSOR_DEFINITIONS = (
					"DEBUG=1",
					"$(inherited)",
				);
				GCC_WARN_64_TO_32_BIT_CONVERSION = YES;
				GCC_WARN_ABOUT_RETURN_TYPE = YES_ERROR;
				GCC_WARN_UNDECLARED_SELECTOR = YES;
				GCC_WARN_UNINITIALIZED_AUTOS = YES_AGGRESSIVE;
				GCC_WARN_UNUSED_FUNCTION = YES;
				GCC_WARN_UNUSED_VARIABLE = YES;
				IPHONEOS_DEPLOYMENT_TARGET = 13.0;
				MTL_ENABLE_DEBUG_INFO = INCLUDE_SOURCE;
				MTL_FAST_MATH = YES;
				ONLY_ACTIVE_ARCH = YES;
				SDKROOT = iphoneos;
				SWIFT_ACTIVE_COMPILATION_CONDITIONS = DEBUG;
				SWIFT_OPTIMIZATION_LEVEL = "-Onone";
			};
			name = Debug;
		};
		C8EBF76422FF6EB0008C4FDB /* Release */ = {
			isa = XCBuildConfiguration;
			buildSettings = {
				ALWAYS_SEARCH_USER_PATHS = NO;
				CLANG_ANALYZER_NONNULL = YES;
				CLANG_ANALYZER_NUMBER_OBJECT_CONVERSION = YES_AGGRESSIVE;
				CLANG_CXX_LANGUAGE_STANDARD = "gnu++14";
				CLANG_CXX_LIBRARY = "libc++";
				CLANG_ENABLE_MODULES = YES;
				CLANG_ENABLE_OBJC_ARC = YES;
				CLANG_ENABLE_OBJC_WEAK = YES;
				CLANG_WARN_BLOCK_CAPTURE_AUTORELEASING = YES;
				CLANG_WARN_BOOL_CONVERSION = YES;
				CLANG_WARN_COMMA = YES;
				CLANG_WARN_CONSTANT_CONVERSION = YES;
				CLANG_WARN_DEPRECATED_OBJC_IMPLEMENTATIONS = YES;
				CLANG_WARN_DIRECT_OBJC_ISA_USAGE = YES_ERROR;
				CLANG_WARN_DOCUMENTATION_COMMENTS = YES;
				CLANG_WARN_EMPTY_BODY = YES;
				CLANG_WARN_ENUM_CONVERSION = YES;
				CLANG_WARN_INFINITE_RECURSION = YES;
				CLANG_WARN_INT_CONVERSION = YES;
				CLANG_WARN_NON_LITERAL_NULL_CONVERSION = YES;
				CLANG_WARN_OBJC_IMPLICIT_RETAIN_SELF = YES;
				CLANG_WARN_OBJC_LITERAL_CONVERSION = YES;
				CLANG_WARN_OBJC_ROOT_CLASS = YES_ERROR;
				CLANG_WARN_RANGE_LOOP_ANALYSIS = YES;
				CLANG_WARN_STRICT_PROTOTYPES = YES;
				CLANG_WARN_SUSPICIOUS_MOVE = YES;
				CLANG_WARN_UNGUARDED_AVAILABILITY = YES_AGGRESSIVE;
				CLANG_WARN_UNREACHABLE_CODE = YES;
				CLANG_WARN__DUPLICATE_METHOD_MATCH = YES;
				COPY_PHASE_STRIP = NO;
				DEBUG_INFORMATION_FORMAT = "dwarf-with-dsym";
				ENABLE_NS_ASSERTIONS = NO;
				ENABLE_STRICT_OBJC_MSGSEND = YES;
				GCC_C_LANGUAGE_STANDARD = gnu11;
				GCC_NO_COMMON_BLOCKS = YES;
				GCC_WARN_64_TO_32_BIT_CONVERSION = YES;
				GCC_WARN_ABOUT_RETURN_TYPE = YES_ERROR;
				GCC_WARN_UNDECLARED_SELECTOR = YES;
				GCC_WARN_UNINITIALIZED_AUTOS = YES_AGGRESSIVE;
				GCC_WARN_UNUSED_FUNCTION = YES;
				GCC_WARN_UNUSED_VARIABLE = YES;
				IPHONEOS_DEPLOYMENT_TARGET = 13.0;
				MTL_ENABLE_DEBUG_INFO = NO;
				MTL_FAST_MATH = YES;
				SDKROOT = iphoneos;
				SWIFT_COMPILATION_MODE = wholemodule;
				SWIFT_OPTIMIZATION_LEVEL = "-O";
				VALIDATE_PRODUCT = YES;
			};
			name = Release;
		};
		C8EBF76622FF6EB0008C4FDB /* Debug */ = {
			isa = XCBuildConfiguration;
			buildSettings = {
				ASSETCATALOG_COMPILER_APPICON_NAME = AppIcon;
				CODE_SIGN_STYLE = Automatic;
				DEVELOPMENT_TEAM = 8TYF5VAX58;
				INFOPLIST_FILE = RainbowTabs/Info.plist;
				LD_RUNPATH_SEARCH_PATHS = (
					"$(inherited)",
					"@executable_path/Frameworks",
				);
				PRODUCT_BUNDLE_IDENTIFIER = com.mlukasik.RainbowTabs;
				PRODUCT_NAME = "$(TARGET_NAME)";
				SWIFT_VERSION = 5.0;
				TARGETED_DEVICE_FAMILY = "1,2";
			};
			name = Debug;
		};
		C8EBF76722FF6EB0008C4FDB /* Release */ = {
			isa = XCBuildConfiguration;
			buildSettings = {
				ASSETCATALOG_COMPILER_APPICON_NAME = AppIcon;
				CODE_SIGN_STYLE = Automatic;
				DEVELOPMENT_TEAM = 8TYF5VAX58;
				INFOPLIST_FILE = RainbowTabs/Info.plist;
				LD_RUNPATH_SEARCH_PATHS = (
					"$(inherited)",
					"@executable_path/Frameworks",
				);
				PRODUCT_BUNDLE_IDENTIFIER = com.mlukasik.RainbowTabs;
				PRODUCT_NAME = "$(TARGET_NAME)";
				SWIFT_VERSION = 5.0;
				TARGETED_DEVICE_FAMILY = "1,2";
			};
			name = Release;
		};
/* End XCBuildConfiguration section */

/* Begin XCConfigurationList section */
		C8EBF74C22FF6EAC008C4FDB /* Build configuration list for PBXProject "RainbowTabs" */ = {
			isa = XCConfigurationList;
			buildConfigurations = (
				C8EBF76322FF6EB0008C4FDB /* Debug */,
				C8EBF76422FF6EB0008C4FDB /* Release */,
			);
			defaultConfigurationIsVisible = 0;
			defaultConfigurationName = Release;
		};
		C8EBF76522FF6EB0008C4FDB /* Build configuration list for PBXNativeTarget "RainbowTabs" */ = {
			isa = XCConfigurationList;
			buildConfigurations = (
				C8EBF76622FF6EB0008C4FDB /* Debug */,
				C8EBF76722FF6EB0008C4FDB /* Release */,
			);
			defaultConfigurationIsVisible = 0;
			defaultConfigurationName = Release;
		};
/* End XCConfigurationList section */
	};
	rootObject = C8EBF74922FF6EAC008C4FDB /* Project object */;
}
